<Solution>
  <Project Path="family_webapi/family_webapi.csproj" />
  <Project Path="mcp_server/mcp_server.csproj" />
  <Project Path="mcp_tests/mcp_tests.csproj" />
  <Project Path="mcp_client_http/mcp_client_http.csproj" />
  <Project Path="mcp_client_openai/mcp_client_openai.csproj" />
  <Project Path="mcp_client_sk/mcp_client_sk.csproj" />
  <Project Path="mcp_client_meai/mcp_client_meai.csproj" />
  <Project Path="mcp_webapi/mcp_webapi.csproj" />
  <Project Path="models/models.csproj" />
</Solution>
